
Microsoft Visual Studio Solution File, Format Version 12.00
# Visual Studio 2013
VisualStudioVersion = 12.0.40629.0
MinimumVisualStudioVersion = 10.0.40219.1
Project("{FAE04EC0-301F-11D3-BF4B-00C04F79EFBC}") = "Log4NetExample", "Log4NetExample\Log4NetExample.csproj", "{2D87BEF8-1C87-4ED2-8135-CD4F3659ADF7}"
EndProject
Project("{FAE04EC0-301F-11D3-BF4B-00C04F79EFBC}") = "T4TemplateExample", "T4TemplateExample\T4TemplateExample.csproj", "{14C536B7-AC70-4828-8C8D-A8EAE1914397}"
EndProject
Project("{2150E333-8FDC-42A3-9474-1A3956D46DE8}") = "OtherItems", "OtherItems", "{CFAC6637-8493-452F-83CF-489A4A2E2182}"
	ProjectSection(SolutionItems) = preProject
		OtherItems\justDecompile.png = OtherItems\justDecompile.png
		OtherItems\ObfuscatedLog4NetExample.exe = OtherItems\ObfuscatedLog4NetExample.exe
		OtherItems\README.md = OtherItems\README.md
	EndProjectSection
EndProject
Global
	GlobalSection(SolutionConfigurationPlatforms) = preSolution
		Debug|Any CPU = Debug|Any CPU
		Release|Any CPU = Release|Any CPU
	EndGlobalSection
	GlobalSection(ProjectConfigurationPlatforms) = postSolution
		{2D87BEF8-1C87-4ED2-8135-CD4F3659ADF7}.Debug|Any CPU.ActiveCfg = Debug|Any CPU
		{2D87BEF8-1C87-4ED2-8135-CD4F3659ADF7}.Debug|Any CPU.Build.0 = Debug|Any CPU
		{2D87BEF8-1C87-4ED2-8135-CD4F3659ADF7}.Release|Any CPU.ActiveCfg = Release|Any CPU
		{2D87BEF8-1C87-4ED2-8135-CD4F3659ADF7}.Release|Any CPU.Build.0 = Release|Any CPU
		{14C536B7-AC70-4828-8C8D-A8EAE1914397}.Debug|Any CPU.ActiveCfg = Debug|Any CPU
		{14C536B7-AC70-4828-8C8D-A8EAE1914397}.Debug|Any CPU.Build.0 = Debug|Any CPU
		{14C536B7-AC70-4828-8C8D-A8EAE1914397}.Release|Any CPU.ActiveCfg = Release|Any CPU
		{14C536B7-AC70-4828-8C8D-A8EAE1914397}.Release|Any CPU.Build.0 = Release|Any CPU
	EndGlobalSection
	GlobalSection(SolutionProperties) = preSolution
		HideSolutionNode = FALSE
	EndGlobalSection
EndGlobal
